// !$*UTF8*$!
{
	archiveVersion = 1;
	classes = {
	};
	objectVersion = 55;
	objects = {

/* Begin PBXBuildFile section */
		C2B8EE99271644DE007F25F0 /* AppDelegate.swift in Sources */ = {isa = PBXBuildFile; fileRef = C2B8EE98271644DE007F25F0 /* AppDelegate.swift */; };
		C2B8EE9B271644DE007F25F0 /* SceneDelegate.swift in Sources */ = {isa = PBXBuildFile; fileRef = C2B8EE9A271644DE007F25F0 /* SceneDelegate.swift */; };
		C2B8EE9D271644DE007F25F0 /* ViewController.swift in Sources */ = {isa = PBXBuildFile; fileRef = C2B8EE9C271644DE007F25F0 /* ViewController.swift */; };
		C2B8EEA0271644DF007F25F0 /* Main.storyboard in Resources */ = {isa = PBXBuildFile; fileRef = C2B8EE9E271644DF007F25F0 /* Main.storyboard */; };
		C2B8EEA2271644E5007F25F0 /* Assets.xcassets in Resources */ = {isa = PBXBuildFile; fileRef = C2B8EEA1271644E5007F25F0 /* Assets.xcassets */; };
		C2B8EEA5271644E5007F25F0 /* LaunchScreen.storyboard in Resources */ = {isa = PBXBuildFile; fileRef = C2B8EEA3271644E5007F25F0 /* LaunchScreen.storyboard */; };
		C2B8EEB0271644E5007F25F0 /* LuckyTests.swift in Sources */ = {isa = PBXBuildFile; fileRef = C2B8EEAF271644E5007F25F0 /* LuckyTests.swift */; };
		C2B8EEBA271644E6007F25F0 /* LuckyUITests.swift in Sources */ = {isa = PBXBuildFile; fileRef = C2B8EEB9271644E6007F25F0 /* LuckyUITests.swift */; };
		C2B8EEBC271644E6007F25F0 /* LuckyUITestsLaunchTests.swift in Sources */ = {isa = PBXBuildFile; fileRef = C2B8EEBB271644E6007F25F0 /* LuckyUITestsLaunchTests.swift */; };
/* End PBXBuildFile section */

/* Begin PBXContainerItemProxy section */
		C2B8EEAC271644E5007F25F0 /* PBXContainerItemProxy */ = {
			isa = PBXContainerItemProxy;
			containerPortal = C2B8EE8D271644DE007F25F0 /* Project object */;
			proxyType = 1;
			remoteGlobalIDString = C2B8EE94271644DE007F25F0;
			remoteInfo = Lucky;
		};
		C2B8EEB6271644E5007F25F0 /* PBXContainerItemProxy */ = {
			isa = PBXContainerItemProxy;
			containerPortal = C2B8EE8D271644DE007F25F0 /* Project object */;
			proxyType = 1;
			remoteGlobalIDString = C2B8EE94271644DE007F25F0;
			remoteInfo = Lucky;
		};
/* End PBXContainerItemProxy section */

/* Begin PBXFileReference section */
		C2B8EE95271644DE007F25F0 /* Lucky.app */ = {isa = PBXFileReference; explicitFileType = wrapper.application; includeInIndex = 0; path = Lucky.app; sourceTree = BUILT_PRODUCTS_DIR; };
		C2B8EE98271644DE007F25F0 /* AppDelegate.swift */ = {isa = PBXFileReference; lastKnownFileType = sourcecode.swift; path = AppDelegate.swift; sourceTree = "<group>"; };
		C2B8EE9A271644DE007F25F0 /* SceneDelegate.swift */ = {isa = PBXFileReference; lastKnownFileType = sourcecode.swift; path = SceneDelegate.swift; sourceTree = "<group>"; };
		C2B8EE9C271644DE007F25F0 /* ViewController.swift */ = {isa = PBXFileReference; lastKnownFileType = sourcecode.swift; path = ViewController.swift; sourceTree = "<group>"; };
		C2B8EE9F271644DF007F25F0 /* Base */ = {isa = PBXFileReference; lastKnownFileType = file.storyboard; name = Base; path = Base.lproj/Main.storyboard; sourceTree = "<group>"; };
		C2B8EEA1271644E5007F25F0 /* Assets.xcassets */ = {isa = PBXFileReference; lastKnownFileType = folder.assetcatalog; path = Assets.xcassets; sourceTree = "<group>"; };
		C2B8EEA4271644E5007F25F0 /* Base */ = {isa = PBXFileReference; lastKnownFileType = file.storyboard; name = Base; path = Base.lproj/LaunchScreen.storyboard; sourceTree = "<group>"; };
		C2B8EEA6271644E5007F25F0 /* Info.plist */ = {isa = PBXFileReference; lastKnownFileType = text.plist.xml; path = Info.plist; sourceTree = "<group>"; };
		C2B8EEAB271644E5007F25F0 /* LuckyTests.xctest */ = {isa = PBXFileReference; explicitFileType = wrapper.cfbundle; includeInIndex = 0; path = LuckyTests.xctest; sourceTree = BUILT_PRODUCTS_DIR; };
		C2B8EEAF271644E5007F25F0 /* LuckyTests.swift */ = {isa = PBXFileReference; lastKnownFileType = sourcecode.swift; path = LuckyTests.swift; sourceTree = "<group>"; };
		C2B8EEB5271644E5007F25F0 /* LuckyUITests.xctest */ = {isa = PBXFileReference; explicitFileType = wrapper.cfbundle; includeInIndex = 0; path = LuckyUITests.xctest; sourceTree = BUILT_PRODUCTS_DIR; };
		C2B8EEB9271644E6007F25F0 /* LuckyUITests.swift */ = {isa = PBXFileReference; lastKnownFileType = sourcecode.swift; path = LuckyUITests.swift; sourceTree = "<group>"; };
		C2B8EEBB271644E6007F25F0 /* LuckyUITestsLaunchTests.swift */ = {isa = PBXFileReference; lastKnownFileType = sourcecode.swift; path = LuckyUITestsLaunchTests.swift; sourceTree = "<group>"; };
/* End PBXFileReference section */

/* Begin PBXFrameworksBuildPhase section */
		C2B8EE92271644DE007F25F0 /* Frameworks */ = {
			isa = PBXFrameworksBuildPhase;
			buildActionMask = 2147483647;
			files = (
			);
			runOnlyForDeploymentPostprocessing = 0;
		};
		C2B8EEA8271644E5007F25F0 /* Frameworks */ = {
			isa = PBXFrameworksBuildPhase;
			buildActionMask = 2147483647;
			files = (
			);
			runOnlyForDeploymentPostprocessing = 0;
		};
		C2B8EEB2271644E5007F25F0 /* Frameworks */ = {
			isa = PBXFrameworksBuildPhase;
			buildActionMask = 2147483647;
			files = (
			);
			runOnlyForDeploymentPostprocessing = 0;
		};
/* End PBXFrameworksBuildPhase section */

/* Begin PBXGroup section */
		C2B8EE8C271644DE007F25F0 = {
			isa = PBXGroup;
			children = (
				C2B8EE97271644DE007F25F0 /* Lucky */,
				C2B8EEAE271644E5007F25F0 /* LuckyTests */,
				C2B8EEB8271644E6007F25F0 /* LuckyUITests */,
				C2B8EE96271644DE007F25F0 /* Products */,
			);
			sourceTree = "<group>";
		};
		C2B8EE96271644DE007F25F0 /* Products */ = {
			isa = PBXGroup;
			children = (
				C2B8EE95271644DE007F25F0 /* Lucky.app */,
				C2B8EEAB271644E5007F25F0 /* LuckyTests.xctest */,
				C2B8EEB5271644E5007F25F0 /* LuckyUITests.xctest */,
			);
			name = Products;
			sourceTree = "<group>";
		};
		C2B8EE97271644DE007F25F0 /* Lucky */ = {
			isa = PBXGroup;
			children = (
				C2B8EE98271644DE007F25F0 /* AppDelegate.swift */,
				C2B8EE9A271644DE007F25F0 /* SceneDelegate.swift */,
				C2B8EE9C271644DE007F25F0 /* ViewController.swift */,
				C2B8EE9E271644DF007F25F0 /* Main.storyboard */,
				C2B8EEA1271644E5007F25F0 /* Assets.xcassets */,
				C2B8EEA3271644E5007F25F0 /* LaunchScreen.storyboard */,
				C2B8EEA6271644E5007F25F0 /* Info.plist */,
			);
			path = Lucky;
			sourceTree = "<group>";
		};
		C2B8EEAE271644E5007F25F0 /* LuckyTests */ = {
			isa = PBXGroup;
			children = (
				C2B8EEAF271644E5007F25F0 /* LuckyTests.swift */,
			);
			path = LuckyTests;
			sourceTree = "<group>";
		};
		C2B8EEB8271644E6007F25F0 /* LuckyUITests */ = {
			isa = PBXGroup;
			children = (
				C2B8EEB9271644E6007F25F0 /* LuckyUITests.swift */,
				C2B8EEBB271644E6007F25F0 /* LuckyUITestsLaunchTests.swift */,
			);
			path = LuckyUITests;
			sourceTree = "<group>";
		};
/* End PBXGroup section */

/* Begin PBXNativeTarget section */
		C2B8EE94271644DE007F25F0 /* Lucky */ = {
			isa = PBXNativeTarget;
			buildConfigurationList = C2B8EEBF271644E6007F25F0 /* Build configuration list for PBXNativeTarget "Lucky" */;
			buildPhases = (
				C2B8EE91271644DE007F25F0 /* Sources */,
				C2B8EE92271644DE007F25F0 /* Frameworks */,
				C2B8EE93271644DE007F25F0 /* Resources */,
			);
			buildRules = (
			);
			dependencies = (
			);
			name = Lucky;
			productName = Lucky;
			productReference = C2B8EE95271644DE007F25F0 /* Lucky.app */;
			productType = "com.apple.product-type.application";
		};
		C2B8EEAA271644E5007F25F0 /* LuckyTests */ = {
			isa = PBXNativeTarget;
			buildConfigurationList = C2B8EEC2271644E6007F25F0 /* Build configuration list for PBXNativeTarget "LuckyTests" */;
			buildPhases = (
				C2B8EEA7271644E5007F25F0 /* Sources */,
				C2B8EEA8271644E5007F25F0 /* Frameworks */,
				C2B8EEA9271644E5007F25F0 /* Resources */,
			);
			buildRules = (
			);
			dependencies = (
				C2B8EEAD271644E5007F25F0 /* PBXTargetDependency */,
			);
			name = LuckyTests;
			productName = LuckyTests;
			productReference = C2B8EEAB271644E5007F25F0 /* LuckyTests.xctest */;
			productType = "com.apple.product-type.bundle.unit-test";
		};
		C2B8EEB4271644E5007F25F0 /* LuckyUITests */ = {
			isa = PBXNativeTarget;
			buildConfigurationList = C2B8EEC5271644E6007F25F0 /* Build configuration list for PBXNativeTarget "LuckyUITests" */;
			buildPhases = (
				C2B8EEB1271644E5007F25F0 /* Sources */,
				C2B8EEB2271644E5007F25F0 /* Frameworks */,
				C2B8EEB3271644E5007F25F0 /* Resources */,
			);
			buildRules = (
			);
			dependencies = (
				C2B8EEB7271644E5007F25F0 /* PBXTargetDependency */,
			);
			name = LuckyUITests;
			productName = LuckyUITests;
			productReference = C2B8EEB5271644E5007F25F0 /* LuckyUITests.xctest */;
			productType = "com.apple.product-type.bundle.ui-testing";
		};
/* End PBXNativeTarget section */

/* Begin PBXProject section */
		C2B8EE8D271644DE007F25F0 /* Project object */ = {
			isa = PBXProject;
			attributes = {
				BuildIndependentTargetsInParallel = 1;
				LastSwiftUpdateCheck = 1300;
				LastUpgradeCheck = 1300;
				TargetAttributes = {
					C2B8EE94271644DE007F25F0 = {
						CreatedOnToolsVersion = 13.0;
					};
					C2B8EEAA271644E5007F25F0 = {
						CreatedOnToolsVersion = 13.0;
						TestTargetID = C2B8EE94271644DE007F25F0;
					};
					C2B8EEB4271644E5007F25F0 = {
						CreatedOnToolsVersion = 13.0;
						TestTargetID = C2B8EE94271644DE007F25F0;
					};
				};
			};
			buildConfigurationList = C2B8EE90271644DE007F25F0 /* Build configuration list for PBXProject "Lucky" */;
			compatibilityVersion = "Xcode 13.0";
			developmentRegion = en;
			hasScannedForEncodings = 0;
			knownRegions = (
				en,
				Base,
			);
			mainGroup = C2B8EE8C271644DE007F25F0;
			productRefGroup = C2B8EE96271644DE007F25F0 /* Products */;
			projectDirPath = "";
			projectRoot = "";
			targets = (
				C2B8EE94271644DE007F25F0 /* Lucky */,
				C2B8EEAA271644E5007F25F0 /* LuckyTests */,
				C2B8EEB4271644E5007F25F0 /* LuckyUITests */,
			);
		};
/* End PBXProject section */

/* Begin PBXResourcesBuildPhase section */
		C2B8EE93271644DE007F25F0 /* Resources */ = {
			isa = PBXResourcesBuildPhase;
			buildActionMask = 2147483647;
			files = (
				C2B8EEA5271644E5007F25F0 /* LaunchScreen.storyboard in Resources */,
				C2B8EEA2271644E5007F25F0 /* Assets.xcassets in Resources */,
				C2B8EEA0271644DF007F25F0 /* Main.storyboard in Resources */,
			);
			runOnlyForDeploymentPostprocessing = 0;
		};
		C2B8EEA9271644E5007F25F0 /* Resources */ = {
			isa = PBXResourcesBuildPhase;
			buildActionMask = 2147483647;
			files = (
			);
			runOnlyForDeploymentPostprocessing = 0;
		};
		C2B8EEB3271644E5007F25F0 /* Resources */ = {
			isa = PBXResourcesBuildPhase;
			buildActionMask = 2147483647;
			files = (
			);
			runOnlyForDeploymentPostprocessing = 0;
		};
/* End PBXResourcesBuildPhase section */

/* Begin PBXSourcesBuildPhase section */
		C2B8EE91271644DE007F25F0 /* Sources */ = {
			isa = PBXSourcesBuildPhase;
			buildActionMask = 2147483647;
			files = (
				C2B8EE9D271644DE007F25F0 /* ViewController.swift in Sources */,
				C2B8EE99271644DE007F25F0 /* AppDelegate.swift in Sources */,
				C2B8EE9B271644DE007F25F0 /* SceneDelegate.swift in Sources */,
			);
			runOnlyForDeploymentPostprocessing = 0;
		};
		C2B8EEA7271644E5007F25F0 /* Sources */ = {
			isa = PBXSourcesBuildPhase;
			buildActionMask = 2147483647;
			files = (
				C2B8EEB0271644E5007F25F0 /* LuckyTests.swift in Sources */,
			);
			runOnlyForDeploymentPostprocessing = 0;
		};
		C2B8EEB1271644E5007F25F0 /* Sources */ = {
			isa = PBXSourcesBuildPhase;
			buildActionMask = 2147483647;
			files = (
				C2B8EEBA271644E6007F25F0 /* LuckyUITests.swift in Sources */,
				C2B8EEBC271644E6007F25F0 /* LuckyUITestsLaunchTests.swift in Sources */,
			);
			runOnlyForDeploymentPostprocessing = 0;
		};
/* End PBXSourcesBuildPhase section */

/* Begin PBXTargetDependency section */
		C2B8EEAD271644E5007F25F0 /* PBXTargetDependency */ = {
			isa = PBXTargetDependency;
			target = C2B8EE94271644DE007F25F0 /* Lucky */;
			targetProxy = C2B8EEAC271644E5007F25F0 /* PBXContainerItemProxy */;
		};
		C2B8EEB7271644E5007F25F0 /* PBXTargetDependency */ = {
			isa = PBXTargetDependency;
			target = C2B8EE94271644DE007F25F0 /* Lucky */;
			targetProxy = C2B8EEB6271644E5007F25F0 /* PBXContainerItemProxy */;
		};
/* End PBXTargetDependency section */

/* Begin PBXVariantGroup section */
		C2B8EE9E271644DF007F25F0 /* Main.storyboard */ = {
			isa = PBXVariantGroup;
			children = (
				C2B8EE9F271644DF007F25F0 /* Base */,
			);
			name = Main.storyboard;
			sourceTree = "<group>";
		};
		C2B8EEA3271644E5007F25F0 /* LaunchScreen.storyboard */ = {
			isa = PBXVariantGroup;
			children = (
				C2B8EEA4271644E5007F25F0 /* Base */,
			);
			name = LaunchScreen.storyboard;
			sourceTree = "<group>";
		};
/* End PBXVariantGroup section */

/* Begin XCBuildConfiguration section */
		C2B8EEBD271644E6007F25F0 /* Debug */ = {
			isa = XCBuildConfiguration;
			buildSettings = {
				ALWAYS_SEARCH_USER_PATHS = NO;
				CLANG_ANALYZER_NONNULL = YES;
				CLANG_ANALYZER_NUMBER_OBJECT_CONVERSION = YES_AGGRESSIVE;
				CLANG_CXX_LANGUAGE_STANDARD = "gnu++17";
				CLANG_CXX_LIBRARY = "libc++";
				CLANG_ENABLE_MODULES = YES;
				CLANG_ENABLE_OBJC_ARC = YES;
				CLANG_ENABLE_OBJC_WEAK = YES;
				CLANG_WARN_BLOCK_CAPTURE_AUTORELEASING = YES;
				CLANG_WARN_BOOL_CONVERSION = YES;
				CLANG_WARN_COMMA = YES;
				CLANG_WARN_CONSTANT_CONVERSION = YES;
				CLANG_WARN_DEPRECATED_OBJC_IMPLEMENTATIONS = YES;
				CLANG_WARN_DIRECT_OBJC_ISA_USAGE = YES_ERROR;
				CLANG_WARN_DOCUMENTATION_COMMENTS = YES;
				CLANG_WARN_EMPTY_BODY = YES;
				CLANG_WARN_ENUM_CONVERSION = YES;
				CLANG_WARN_INFINITE_RECURSION = YES;
				CLANG_WARN_INT_CONVERSION = YES;
				CLANG_WARN_NON_LITERAL_NULL_CONVERSION = YES;
				CLANG_WARN_OBJC_IMPLICIT_RETAIN_SELF = YES;
				CLANG_WARN_OBJC_LITERAL_CONVERSION = YES;
				CLANG_WARN_OBJC_ROOT_CLASS = YES_ERROR;
				CLANG_WARN_QUOTED_INCLUDE_IN_FRAMEWORK_HEADER = YES;
				CLANG_WARN_RANGE_LOOP_ANALYSIS = YES;
				CLANG_WARN_STRICT_PROTOTYPES = YES;
				CLANG_WARN_SUSPICIOUS_MOVE = YES;
				CLANG_WARN_UNGUARDED_AVAILABILITY = YES_AGGRESSIVE;
				CLANG_WARN_UNREACHABLE_CODE = YES;
				CLANG_WARN__DUPLICATE_METHOD_MATCH = YES;
				COPY_PHASE_STRIP = NO;
				DEBUG_INFORMATION_FORMAT = dwarf;
				ENABLE_STRICT_OBJC_MSGSEND = YES;
				ENABLE_TESTABILITY = YES;
				GCC_C_LANGUAGE_STANDARD = gnu11;
				GCC_DYNAMIC_NO_PIC = NO;
				GCC_NO_COMMON_BLOCKS = YES;
				GCC_OPTIMIZATION_LEVEL = 0;
				GCC_PREPROCESSOR_DEFINITIONS = (
					"DEBUG=1",
					"$(inherited)",
				);
				GCC_WARN_64_TO_32_BIT_CONVERSION = YES;
				GCC_WARN_ABOUT_RETURN_TYPE = YES_ERROR;
				GCC_WARN_UNDECLARED_SELECTOR = YES;
				GCC_WARN_UNINITIALIZED_AUTOS = YES_AGGRESSIVE;
				GCC_WARN_UNUSED_FUNCTION = YES;
				GCC_WARN_UNUSED_VARIABLE = YES;
				IPHONEOS_DEPLOYMENT_TARGET = 15.0;
				MTL_ENABLE_DEBUG_INFO = INCLUDE_SOURCE;
				MTL_FAST_MATH = YES;
				ONLY_ACTIVE_ARCH = YES;
				SDKROOT = iphoneos;
				SWIFT_ACTIVE_COMPILATION_CONDITIONS = DEBUG;
				SWIFT_OPTIMIZATION_LEVEL = "-Onone";
			};
			name = Debug;
		};
		C2B8EEBE271644E6007F25F0 /* Release */ = {
			isa = XCBuildConfiguration;
			buildSettings = {
				ALWAYS_SEARCH_USER_PATHS = NO;
				CLANG_ANALYZER_NONNULL = YES;
				CLANG_ANALYZER_NUMBER_OBJECT_CONVERSION = YES_AGGRESSIVE;
				CLANG_CXX_LANGUAGE_STANDARD = "gnu++17";
				CLANG_CXX_LIBRARY = "libc++";
				CLANG_ENABLE_MODULES = YES;
				CLANG_ENABLE_OBJC_ARC = YES;
				CLANG_ENABLE_OBJC_WEAK = YES;
				CLANG_WARN_BLOCK_CAPTURE_AUTORELEASING = YES;
				CLANG_WARN_BOOL_CONVERSION = YES;
				CLANG_WARN_COMMA = YES;
				CLANG_WARN_CONSTANT_CONVERSION = YES;
				CLANG_WARN_DEPRECATED_OBJC_IMPLEMENTATIONS = YES;
				CLANG_WARN_DIRECT_OBJC_ISA_USAGE = YES_ERROR;
				CLANG_WARN_DOCUMENTATION_COMMENTS = YES;
				CLANG_WARN_EMPTY_BODY = YES;
				CLANG_WARN_ENUM_CONVERSION = YES;
				CLANG_WARN_INFINITE_RECURSION = YES;
				CLANG_WARN_INT_CONVERSION = YES;
				CLANG_WARN_NON_LITERAL_NULL_CONVERSION = YES;
				CLANG_WARN_OBJC_IMPLICIT_RETAIN_SELF = YES;
				CLANG_WARN_OBJC_LITERAL_CONVERSION = YES;
				CLANG_WARN_OBJC_ROOT_CLASS = YES_ERROR;
				CLANG_WARN_QUOTED_INCLUDE_IN_FRAMEWORK_HEADER = YES;
				CLANG_WARN_RANGE_LOOP_ANALYSIS = YES;
				CLANG_WARN_STRICT_PROTOTYPES = YES;
				CLANG_WARN_SUSPICIOUS_MOVE = YES;
				CLANG_WARN_UNGUARDED_AVAILABILITY = YES_AGGRESSIVE;
				CLANG_WARN_UNREACHABLE_CODE = YES;
				CLANG_WARN__DUPLICATE_METHOD_MATCH = YES;
				COPY_PHASE_STRIP = NO;
				DEBUG_INFORMATION_FORMAT = "dwarf-with-dsym";
				ENABLE_NS_ASSERTIONS = NO;
				ENABLE_STRICT_OBJC_MSGSEND = YES;
				GCC_C_LANGUAGE_STANDARD = gnu11;
				GCC_NO_COMMON_BLOCKS = YES;
				GCC_WARN_64_TO_32_BIT_CONVERSION = YES;
				GCC_WARN_ABOUT_RETURN_TYPE = YES_ERROR;
				GCC_WARN_UNDECLARED_SELECTOR = YES;
				GCC_WARN_UNINITIALIZED_AUTOS = YES_AGGRESSIVE;
				GCC_WARN_UNUSED_FUNCTION = YES;
				GCC_WARN_UNUSED_VARIABLE = YES;
				IPHONEOS_DEPLOYMENT_TARGET = 15.0;
				MTL_ENABLE_DEBUG_INFO = NO;
				MTL_FAST_MATH = YES;
				SDKROOT = iphoneos;
				SWIFT_COMPILATION_MODE = wholemodule;
				SWIFT_OPTIMIZATION_LEVEL = "-O";
				VALIDATE_PRODUCT = YES;
			};
			name = Release;
		};
		C2B8EEC0271644E6007F25F0 /* Debug */ = {
			isa = XCBuildConfiguration;
			buildSettings = {
				ASSETCATALOG_COMPILER_APPICON_NAME = AppIcon;
				ASSETCATALOG_COMPILER_GLOBAL_ACCENT_COLOR_NAME = AccentColor;
				CODE_SIGN_STYLE = Automatic;
				CURRENT_PROJECT_VERSION = 1;
				DEVELOPMENT_TEAM = HBNX7GQE7K;
				GENERATE_INFOPLIST_FILE = YES;
				INFOPLIST_FILE = Lucky/Info.plist;
				INFOPLIST_KEY_UIApplicationSupportsIndirectInputEvents = YES;
				INFOPLIST_KEY_UILaunchStoryboardName = LaunchScreen;
				INFOPLIST_KEY_UIMainStoryboardFile = Main;
				INFOPLIST_KEY_UISupportedInterfaceOrientations_iPad = "UIInterfaceOrientationPortrait UIInterfaceOrientationPortraitUpsideDown UIInterfaceOrientationLandscapeLeft UIInterfaceOrientationLandscapeRight";
				INFOPLIST_KEY_UISupportedInterfaceOrientations_iPhone = "UIInterfaceOrientationPortrait UIInterfaceOrientationLandscapeLeft UIInterfaceOrientationLandscapeRight";
				LD_RUNPATH_SEARCH_PATHS = (
					"$(inherited)",
					"@executable_path/Frameworks",
				);
				MARKETING_VERSION = 1.0;
				PRODUCT_BUNDLE_IDENTIFIER = com.Matt.Lucky;
				PRODUCT_NAME = "$(TARGET_NAME)";
				SWIFT_EMIT_LOC_STRINGS = YES;
				SWIFT_VERSION = 5.0;
				TARGETED_DEVICE_FAMILY = "1,2";
			};
			name = Debug;
		};
		C2B8EEC1271644E6007F25F0 /* Release */ = {
			isa = XCBuildConfiguration;
			buildSettings = {
				ASSETCATALOG_COMPILER_APPICON_NAME = AppIcon;
				ASSETCATALOG_COMPILER_GLOBAL_ACCENT_COLOR_NAME = AccentColor;
				CODE_SIGN_STYLE = Automatic;
				CURRENT_PROJECT_VERSION = 1;
				DEVELOPMENT_TEAM = HBNX7GQE7K;
				GENERATE_INFOPLIST_FILE = YES;
				INFOPLIST_FILE = Lucky/Info.plist;
				INFOPLIST_KEY_UIApplicationSupportsIndirectInputEvents = YES;
				INFOPLIST_KEY_UILaunchStoryboardName = LaunchScreen;
				INFOPLIST_KEY_UIMainStoryboardFile = Main;
				INFOPLIST_KEY_UISupportedInterfaceOrientations_iPad = "UIInterfaceOrientationPortrait UIInterfaceOrientationPortraitUpsideDown UIInterfaceOrientationLandscapeLeft UIInterfaceOrientationLandscapeRight";
				INFOPLIST_KEY_UISupportedInterfaceOrientations_iPhone = "UIInterfaceOrientationPortrait UIInterfaceOrientationLandscapeLeft UIInterfaceOrientationLandscapeRight";
				LD_RUNPATH_SEARCH_PATHS = (
					"$(inherited)",
					"@executable_path/Frameworks",
				);
				MARKETING_VERSION = 1.0;
				PRODUCT_BUNDLE_IDENTIFIER = com.Matt.Lucky;
				PRODUCT_NAME = "$(TARGET_NAME)";
				SWIFT_EMIT_LOC_STRINGS = YES;
				SWIFT_VERSION = 5.0;
				TARGETED_DEVICE_FAMILY = "1,2";
			};
			name = Release;
		};
		C2B8EEC3271644E6007F25F0 /* Debug */ = {
			isa = XCBuildConfiguration;
			buildSettings = {
				ALWAYS_EMBED_SWIFT_STANDARD_LIBRARIES = YES;
				BUNDLE_LOADER = "$(TEST_HOST)";
				CODE_SIGN_STYLE = Automatic;
				CURRENT_PROJECT_VERSION = 1;
				DEVELOPMENT_TEAM = HBNX7GQE7K;
				GENERATE_INFOPLIST_FILE = YES;
				IPHONEOS_DEPLOYMENT_TARGET = 15.0;
				LD_RUNPATH_SEARCH_PATHS = (
					"$(inherited)",
					"@executable_path/Frameworks",
					"@loader_path/Frameworks",
				);
				MARKETING_VERSION = 1.0;
				PRODUCT_BUNDLE_IDENTIFIER = com.Matt.LuckyTests;
				PRODUCT_NAME = "$(TARGET_NAME)";
				SWIFT_EMIT_LOC_STRINGS = NO;
				SWIFT_VERSION = 5.0;
				TARGETED_DEVICE_FAMILY = "1,2";
				TEST_HOST = "$(BUILT_PRODUCTS_DIR)/Lucky.app/Lucky";
			};
			name = Debug;
		};
		C2B8EEC4271644E6007F25F0 /* Release */ = {
			isa = XCBuildConfiguration;
			buildSettings = {
				ALWAYS_EMBED_SWIFT_STANDARD_LIBRARIES = YES;
				BUNDLE_LOADER = "$(TEST_HOST)";
				CODE_SIGN_STYLE = Automatic;
				CURRENT_PROJECT_VERSION = 1;
				DEVELOPMENT_TEAM = HBNX7GQE7K;
				GENERATE_INFOPLIST_FILE = YES;
				IPHONEOS_DEPLOYMENT_TARGET = 15.0;
				LD_RUNPATH_SEARCH_PATHS = (
					"$(inherited)",
					"@executable_path/Frameworks",
					"@loader_path/Frameworks",
				);
				MARKETING_VERSION = 1.0;
				PRODUCT_BUNDLE_IDENTIFIER = com.Matt.LuckyTests;
				PRODUCT_NAME = "$(TARGET_NAME)";
				SWIFT_EMIT_LOC_STRINGS = NO;
				SWIFT_VERSION = 5.0;
				TARGETED_DEVICE_FAMILY = "1,2";
				TEST_HOST = "$(BUILT_PRODUCTS_DIR)/Lucky.app/Lucky";
			};
			name = Release;
		};
		C2B8EEC6271644E6007F25F0 /* Debug */ = {
			isa = XCBuildConfiguration;
			buildSettings = {
				ALWAYS_EMBED_SWIFT_STANDARD_LIBRARIES = YES;
				CODE_SIGN_STYLE = Automatic;
				CURRENT_PROJECT_VERSION = 1;
				DEVELOPMENT_TEAM = HBNX7GQE7K;
				GENERATE_INFOPLIST_FILE = YES;
				LD_RUNPATH_SEARCH_PATHS = (
					"$(inherited)",
					"@executable_path/Frameworks",
					"@loader_path/Frameworks",
				);
				MARKETING_VERSION = 1.0;
				PRODUCT_BUNDLE_IDENTIFIER = com.Matt.LuckyUITests;
				PRODUCT_NAME = "$(TARGET_NAME)";
				SWIFT_EMIT_LOC_STRINGS = NO;
				SWIFT_VERSION = 5.0;
				TARGETED_DEVICE_FAMILY = "1,2";
				TEST_TARGET_NAME = Lucky;
			};
			name = Debug;
		};
		C2B8EEC7271644E6007F25F0 /* Release */ = {
			isa = XCBuildConfiguration;
			buildSettings = {
				ALWAYS_EMBED_SWIFT_STANDARD_LIBRARIES = YES;
				CODE_SIGN_STYLE = Automatic;
				CURRENT_PROJECT_VERSION = 1;
				DEVELOPMENT_TEAM = HBNX7GQE7K;
				GENERATE_INFOPLIST_FILE = YES;
				LD_RUNPATH_SEARCH_PATHS = (
					"$(inherited)",
					"@executable_path/Frameworks",
					"@loader_path/Frameworks",
				);
				MARKETING_VERSION = 1.0;
				PRODUCT_BUNDLE_IDENTIFIER = com.Matt.LuckyUITests;
				PRODUCT_NAME = "$(TARGET_NAME)";
				SWIFT_EMIT_LOC_STRINGS = NO;
				SWIFT_VERSION = 5.0;
				TARGETED_DEVICE_FAMILY = "1,2";
				TEST_TARGET_NAME = Lucky;
			};
			name = Release;
		};
/* End XCBuildConfiguration section */

/* Begin XCConfigurationList section */
		C2B8EE90271644DE007F25F0 /* Build configuration list for PBXProject "Lucky" */ = {
			isa = XCConfigurationList;
			buildConfigurations = (
				C2B8EEBD271644E6007F25F0 /* Debug */,
				C2B8EEBE271644E6007F25F0 /* Release */,
			);
			defaultConfigurationIsVisible = 0;
			defaultConfigurationName = Release;
		};
		C2B8EEBF271644E6007F25F0 /* Build configuration list for PBXNativeTarget "Lucky" */ = {
			isa = XCConfigurationList;
			buildConfigurations = (
				C2B8EEC0271644E6007F25F0 /* Debug */,
				C2B8EEC1271644E6007F25F0 /* Release */,
			);
			defaultConfigurationIsVisible = 0;
			defaultConfigurationName = Release;
		};
		C2B8EEC2271644E6007F25F0 /* Build configuration list for PBXNativeTarget "LuckyTests" */ = {
			isa = XCConfigurationList;
			buildConfigurations = (
				C2B8EEC3271644E6007F25F0 /* Debug */,
				C2B8EEC4271644E6007F25F0 /* Release */,
			);
			defaultConfigurationIsVisible = 0;
			defaultConfigurationName = Release;
		};
		C2B8EEC5271644E6007F25F0 /* Build configuration list for PBXNativeTarget "LuckyUITests" */ = {
			isa = XCConfigurationList;
			buildConfigurations = (
				C2B8EEC6271644E6007F25F0 /* Debug */,
				C2B8EEC7271644E6007F25F0 /* Release */,
			);
			defaultConfigurationIsVisible = 0;
			defaultConfigurationName = Release;
		};
/* End XCConfigurationList section */
	};
	rootObject = C2B8EE8D271644DE007F25F0 /* Project object */;
}
